
Microsoft Visual Studio Solution File, Format Version 12.00
# Visual Studio Version 16
VisualStudioVersion = 16.0.30114.105
MinimumVisualStudioVersion = 10.0.40219.1
Project("{FAE04EC0-301F-11D3-BF4B-00C04F79EFBC}") = "bootcamp_asp_academy", "bootcamp_asp_academy.csproj", "{ABFC906A-FD9F-47F7-A1AD-D0EB62B549F5}"
EndProject
Global
	GlobalSection(SolutionConfigurationPlatforms) = preSolution
		Debug|Any CPU = Debug|Any CPU
		Release|Any CPU = Release|Any CPU
	EndGlobalSection
	GlobalSection(ProjectConfigurationPlatforms) = postSolution
		{ABFC906A-FD9F-47F7-A1AD-D0EB62B549F5}.Debug|Any CPU.ActiveCfg = Debug|Any CPU
		{ABFC906A-FD9F-47F7-A1AD-D0EB62B549F5}.Debug|Any CPU.Build.0 = Debug|Any CPU
		{ABFC906A-FD9F-47F7-A1AD-D0EB62B549F5}.Release|Any CPU.ActiveCfg = Release|Any CPU
		{ABFC906A-FD9F-47F7-A1AD-D0EB62B549F5}.Release|Any CPU.Build.0 = Release|Any CPU
	EndGlobalSection
	GlobalSection(SolutionProperties) = preSolution
		HideSolutionNode = FALSE
	EndGlobalSection
	GlobalSection(ExtensibilityGlobals) = postSolution
		SolutionGuid = {2313D73A-244F-4659-B734-BDBF7E34A5A1}
	EndGlobalSection
EndGlobal
